// !$*UTF8*$!
{
	archiveVersion = 1;
	classes = {
	};
	objectVersion = 50;
	objects = {

/* Begin PBXBuildFile section */
		66C24DC22512326300B692D7 /* AppDelegate.swift in Sources */ = {isa = PBXBuildFile; fileRef = 66C24DC12512326300B692D7 /* AppDelegate.swift */; };
		66C24DC42512326300B692D7 /* SceneDelegate.swift in Sources */ = {isa = PBXBuildFile; fileRef = 66C24DC32512326300B692D7 /* SceneDelegate.swift */; };
		66C24DC62512326300B692D7 /* SearchViewController.swift in Sources */ = {isa = PBXBuildFile; fileRef = 66C24DC52512326300B692D7 /* SearchViewController.swift */; };
		66C24DC92512326300B692D7 /* Main.storyboard in Resources */ = {isa = PBXBuildFile; fileRef = 66C24DC72512326300B692D7 /* Main.storyboard */; };
		66C24DCB2512326800B692D7 /* Assets.xcassets in Resources */ = {isa = PBXBuildFile; fileRef = 66C24DCA2512326800B692D7 /* Assets.xcassets */; };
		66C24DCE2512326800B692D7 /* LaunchScreen.storyboard in Resources */ = {isa = PBXBuildFile; fileRef = 66C24DCC2512326800B692D7 /* LaunchScreen.storyboard */; };
		66C24DD92512326800B692D7 /* KickSearchTests.swift in Sources */ = {isa = PBXBuildFile; fileRef = 66C24DD82512326800B692D7 /* KickSearchTests.swift */; };
		66C24DE42512326800B692D7 /* KickSearchUITests.swift in Sources */ = {isa = PBXBuildFile; fileRef = 66C24DE32512326800B692D7 /* KickSearchUITests.swift */; };
		66C24DF72512355500B692D7 /* SearchViewPresenter.swift in Sources */ = {isa = PBXBuildFile; fileRef = 66C24DF62512355500B692D7 /* SearchViewPresenter.swift */; };
/* End PBXBuildFile section */

/* Begin PBXContainerItemProxy section */
		66C24DD52512326800B692D7 /* PBXContainerItemProxy */ = {
			isa = PBXContainerItemProxy;
			containerPortal = 66C24DB62512326300B692D7 /* Project object */;
			proxyType = 1;
			remoteGlobalIDString = 66C24DBD2512326300B692D7;
			remoteInfo = KickSearch;
		};
		66C24DE02512326800B692D7 /* PBXContainerItemProxy */ = {
			isa = PBXContainerItemProxy;
			containerPortal = 66C24DB62512326300B692D7 /* Project object */;
			proxyType = 1;
			remoteGlobalIDString = 66C24DBD2512326300B692D7;
			remoteInfo = KickSearch;
		};
/* End PBXContainerItemProxy section */

/* Begin PBXFileReference section */
		66C24DBE2512326300B692D7 /* KickSearch.app */ = {isa = PBXFileReference; explicitFileType = wrapper.application; includeInIndex = 0; path = KickSearch.app; sourceTree = BUILT_PRODUCTS_DIR; };
		66C24DC12512326300B692D7 /* AppDelegate.swift */ = {isa = PBXFileReference; lastKnownFileType = sourcecode.swift; path = AppDelegate.swift; sourceTree = "<group>"; };
		66C24DC32512326300B692D7 /* SceneDelegate.swift */ = {isa = PBXFileReference; lastKnownFileType = sourcecode.swift; path = SceneDelegate.swift; sourceTree = "<group>"; };
		66C24DC52512326300B692D7 /* SearchViewController.swift */ = {isa = PBXFileReference; lastKnownFileType = sourcecode.swift; path = SearchViewController.swift; sourceTree = "<group>"; };
		66C24DC82512326300B692D7 /* Base */ = {isa = PBXFileReference; lastKnownFileType = file.storyboard; name = Base; path = Base.lproj/Main.storyboard; sourceTree = "<group>"; };
		66C24DCA2512326800B692D7 /* Assets.xcassets */ = {isa = PBXFileReference; lastKnownFileType = folder.assetcatalog; path = Assets.xcassets; sourceTree = "<group>"; };
		66C24DCD2512326800B692D7 /* Base */ = {isa = PBXFileReference; lastKnownFileType = file.storyboard; name = Base; path = Base.lproj/LaunchScreen.storyboard; sourceTree = "<group>"; };
		66C24DCF2512326800B692D7 /* Info.plist */ = {isa = PBXFileReference; lastKnownFileType = text.plist.xml; path = Info.plist; sourceTree = "<group>"; };
		66C24DD42512326800B692D7 /* KickSearchTests.xctest */ = {isa = PBXFileReference; explicitFileType = wrapper.cfbundle; includeInIndex = 0; path = KickSearchTests.xctest; sourceTree = BUILT_PRODUCTS_DIR; };
		66C24DD82512326800B692D7 /* KickSearchTests.swift */ = {isa = PBXFileReference; lastKnownFileType = sourcecode.swift; path = KickSearchTests.swift; sourceTree = "<group>"; };
		66C24DDA2512326800B692D7 /* Info.plist */ = {isa = PBXFileReference; lastKnownFileType = text.plist.xml; path = Info.plist; sourceTree = "<group>"; };
		66C24DDF2512326800B692D7 /* KickSearchUITests.xctest */ = {isa = PBXFileReference; explicitFileType = wrapper.cfbundle; includeInIndex = 0; path = KickSearchUITests.xctest; sourceTree = BUILT_PRODUCTS_DIR; };
		66C24DE32512326800B692D7 /* KickSearchUITests.swift */ = {isa = PBXFileReference; lastKnownFileType = sourcecode.swift; path = KickSearchUITests.swift; sourceTree = "<group>"; };
		66C24DE52512326800B692D7 /* Info.plist */ = {isa = PBXFileReference; lastKnownFileType = text.plist.xml; path = Info.plist; sourceTree = "<group>"; };
		66C24DF62512355500B692D7 /* SearchViewPresenter.swift */ = {isa = PBXFileReference; lastKnownFileType = sourcecode.swift; path = SearchViewPresenter.swift; sourceTree = "<group>"; };
/* End PBXFileReference section */

/* Begin PBXFrameworksBuildPhase section */
		66C24DBB2512326300B692D7 /* Frameworks */ = {
			isa = PBXFrameworksBuildPhase;
			buildActionMask = 2147483647;
			files = (
			);
			runOnlyForDeploymentPostprocessing = 0;
		};
		66C24DD12512326800B692D7 /* Frameworks */ = {
			isa = PBXFrameworksBuildPhase;
			buildActionMask = 2147483647;
			files = (
			);
			runOnlyForDeploymentPostprocessing = 0;
		};
		66C24DDC2512326800B692D7 /* Frameworks */ = {
			isa = PBXFrameworksBuildPhase;
			buildActionMask = 2147483647;
			files = (
			);
			runOnlyForDeploymentPostprocessing = 0;
		};
/* End PBXFrameworksBuildPhase section */

/* Begin PBXGroup section */
		66C24DB52512326300B692D7 = {
			isa = PBXGroup;
			children = (
				66C24DC02512326300B692D7 /* KickSearch */,
				66C24DD72512326800B692D7 /* KickSearchTests */,
				66C24DE22512326800B692D7 /* KickSearchUITests */,
				66C24DBF2512326300B692D7 /* Products */,
			);
			sourceTree = "<group>";
		};
		66C24DBF2512326300B692D7 /* Products */ = {
			isa = PBXGroup;
			children = (
				66C24DBE2512326300B692D7 /* KickSearch.app */,
				66C24DD42512326800B692D7 /* KickSearchTests.xctest */,
				66C24DDF2512326800B692D7 /* KickSearchUITests.xctest */,
			);
			name = Products;
			sourceTree = "<group>";
		};
		66C24DC02512326300B692D7 /* KickSearch */ = {
			isa = PBXGroup;
			children = (
				66C24DF3251233A700B692D7 /* App */,
				66C24DF1251232EE00B692D7 /* Scenes */,
				66C24DF2251232F100B692D7 /* Resources */,
				66C24DCF2512326800B692D7 /* Info.plist */,
			);
			path = KickSearch;
			sourceTree = "<group>";
		};
		66C24DD72512326800B692D7 /* KickSearchTests */ = {
			isa = PBXGroup;
			children = (
				66C24DD82512326800B692D7 /* KickSearchTests.swift */,
				66C24DDA2512326800B692D7 /* Info.plist */,
			);
			path = KickSearchTests;
			sourceTree = "<group>";
		};
		66C24DE22512326800B692D7 /* KickSearchUITests */ = {
			isa = PBXGroup;
			children = (
				66C24DE32512326800B692D7 /* KickSearchUITests.swift */,
				66C24DE52512326800B692D7 /* Info.plist */,
			);
			path = KickSearchUITests;
			sourceTree = "<group>";
		};
		66C24DF1251232EE00B692D7 /* Scenes */ = {
			isa = PBXGroup;
			children = (
				66C24DF4251234DE00B692D7 /* SearchView */,
				66C24DF5251234F800B692D7 /* DetailView */,
				66C24DC72512326300B692D7 /* Main.storyboard */,
			);
			path = Scenes;
			sourceTree = "<group>";
		};
		66C24DF2251232F100B692D7 /* Resources */ = {
			isa = PBXGroup;
			children = (
				66C24DCA2512326800B692D7 /* Assets.xcassets */,
				66C24DCC2512326800B692D7 /* LaunchScreen.storyboard */,
			);
			path = Resources;
			sourceTree = "<group>";
		};
		66C24DF3251233A700B692D7 /* App */ = {
			isa = PBXGroup;
			children = (
				66C24DC12512326300B692D7 /* AppDelegate.swift */,
				66C24DC32512326300B692D7 /* SceneDelegate.swift */,
			);
			path = App;
			sourceTree = "<group>";
		};
		66C24DF4251234DE00B692D7 /* SearchView */ = {
			isa = PBXGroup;
			children = (
				66C24DC52512326300B692D7 /* SearchViewController.swift */,
				66C24DF62512355500B692D7 /* SearchViewPresenter.swift */,
			);
			path = SearchView;
			sourceTree = "<group>";
		};
		66C24DF5251234F800B692D7 /* DetailView */ = {
			isa = PBXGroup;
			children = (
			);
			path = DetailView;
			sourceTree = "<group>";
		};
/* End PBXGroup section */

/* Begin PBXNativeTarget section */
		66C24DBD2512326300B692D7 /* KickSearch */ = {
			isa = PBXNativeTarget;
			buildConfigurationList = 66C24DE82512326800B692D7 /* Build configuration list for PBXNativeTarget "KickSearch" */;
			buildPhases = (
				66C24DBA2512326300B692D7 /* Sources */,
				66C24DBB2512326300B692D7 /* Frameworks */,
				66C24DBC2512326300B692D7 /* Resources */,
			);
			buildRules = (
			);
			dependencies = (
			);
			name = KickSearch;
			productName = KickSearch;
			productReference = 66C24DBE2512326300B692D7 /* KickSearch.app */;
			productType = "com.apple.product-type.application";
		};
		66C24DD32512326800B692D7 /* KickSearchTests */ = {
			isa = PBXNativeTarget;
			buildConfigurationList = 66C24DEB2512326800B692D7 /* Build configuration list for PBXNativeTarget "KickSearchTests" */;
			buildPhases = (
				66C24DD02512326800B692D7 /* Sources */,
				66C24DD12512326800B692D7 /* Frameworks */,
				66C24DD22512326800B692D7 /* Resources */,
			);
			buildRules = (
			);
			dependencies = (
				66C24DD62512326800B692D7 /* PBXTargetDependency */,
			);
			name = KickSearchTests;
			productName = KickSearchTests;
			productReference = 66C24DD42512326800B692D7 /* KickSearchTests.xctest */;
			productType = "com.apple.product-type.bundle.unit-test";
		};
		66C24DDE2512326800B692D7 /* KickSearchUITests */ = {
			isa = PBXNativeTarget;
			buildConfigurationList = 66C24DEE2512326800B692D7 /* Build configuration list for PBXNativeTarget "KickSearchUITests" */;
			buildPhases = (
				66C24DDB2512326800B692D7 /* Sources */,
				66C24DDC2512326800B692D7 /* Frameworks */,
				66C24DDD2512326800B692D7 /* Resources */,
			);
			buildRules = (
			);
			dependencies = (
				66C24DE12512326800B692D7 /* PBXTargetDependency */,
			);
			name = KickSearchUITests;
			productName = KickSearchUITests;
			productReference = 66C24DDF2512326800B692D7 /* KickSearchUITests.xctest */;
			productType = "com.apple.product-type.bundle.ui-testing";
		};
/* End PBXNativeTarget section */

/* Begin PBXProject section */
		66C24DB62512326300B692D7 /* Project object */ = {
			isa = PBXProject;
			attributes = {
				LastSwiftUpdateCheck = 1160;
				LastUpgradeCheck = 1160;
				ORGANIZATIONNAME = Baran;
				TargetAttributes = {
					66C24DBD2512326300B692D7 = {
						CreatedOnToolsVersion = 11.6;
					};
					66C24DD32512326800B692D7 = {
						CreatedOnToolsVersion = 11.6;
						TestTargetID = 66C24DBD2512326300B692D7;
					};
					66C24DDE2512326800B692D7 = {
						CreatedOnToolsVersion = 11.6;
						TestTargetID = 66C24DBD2512326300B692D7;
					};
				};
			};
			buildConfigurationList = 66C24DB92512326300B692D7 /* Build configuration list for PBXProject "KickSearch" */;
			compatibilityVersion = "Xcode 9.3";
			developmentRegion = en;
			hasScannedForEncodings = 0;
			knownRegions = (
				en,
				Base,
			);
			mainGroup = 66C24DB52512326300B692D7;
			productRefGroup = 66C24DBF2512326300B692D7 /* Products */;
			projectDirPath = "";
			projectRoot = "";
			targets = (
				66C24DBD2512326300B692D7 /* KickSearch */,
				66C24DD32512326800B692D7 /* KickSearchTests */,
				66C24DDE2512326800B692D7 /* KickSearchUITests */,
			);
		};
/* End PBXProject section */

/* Begin PBXResourcesBuildPhase section */
		66C24DBC2512326300B692D7 /* Resources */ = {
			isa = PBXResourcesBuildPhase;
			buildActionMask = 2147483647;
			files = (
				66C24DCE2512326800B692D7 /* LaunchScreen.storyboard in Resources */,
				66C24DCB2512326800B692D7 /* Assets.xcassets in Resources */,
				66C24DC92512326300B692D7 /* Main.storyboard in Resources */,
			);
			runOnlyForDeploymentPostprocessing = 0;
		};
		66C24DD22512326800B692D7 /* Resources */ = {
			isa = PBXResourcesBuildPhase;
			buildActionMask = 2147483647;
			files = (
			);
			runOnlyForDeploymentPostprocessing = 0;
		};
		66C24DDD2512326800B692D7 /* Resources */ = {
			isa = PBXResourcesBuildPhase;
			buildActionMask = 2147483647;
			files = (
			);
			runOnlyForDeploymentPostprocessing = 0;
		};
/* End PBXResourcesBuildPhase section */

/* Begin PBXSourcesBuildPhase section */
		66C24DBA2512326300B692D7 /* Sources */ = {
			isa = PBXSourcesBuildPhase;
			buildActionMask = 2147483647;
			files = (
				66C24DC62512326300B692D7 /* SearchViewController.swift in Sources */,
				66C24DF72512355500B692D7 /* SearchViewPresenter.swift in Sources */,
				66C24DC22512326300B692D7 /* AppDelegate.swift in Sources */,
				66C24DC42512326300B692D7 /* SceneDelegate.swift in Sources */,
			);
			runOnlyForDeploymentPostprocessing = 0;
		};
		66C24DD02512326800B692D7 /* Sources */ = {
			isa = PBXSourcesBuildPhase;
			buildActionMask = 2147483647;
			files = (
				66C24DD92512326800B692D7 /* KickSearchTests.swift in Sources */,
			);
			runOnlyForDeploymentPostprocessing = 0;
		};
		66C24DDB2512326800B692D7 /* Sources */ = {
			isa = PBXSourcesBuildPhase;
			buildActionMask = 2147483647;
			files = (
				66C24DE42512326800B692D7 /* KickSearchUITests.swift in Sources */,
			);
			runOnlyForDeploymentPostprocessing = 0;
		};
/* End PBXSourcesBuildPhase section */

/* Begin PBXTargetDependency section */
		66C24DD62512326800B692D7 /* PBXTargetDependency */ = {
			isa = PBXTargetDependency;
			target = 66C24DBD2512326300B692D7 /* KickSearch */;
			targetProxy = 66C24DD52512326800B692D7 /* PBXContainerItemProxy */;
		};
		66C24DE12512326800B692D7 /* PBXTargetDependency */ = {
			isa = PBXTargetDependency;
			target = 66C24DBD2512326300B692D7 /* KickSearch */;
			targetProxy = 66C24DE02512326800B692D7 /* PBXContainerItemProxy */;
		};
/* End PBXTargetDependency section */

/* Begin PBXVariantGroup section */
		66C24DC72512326300B692D7 /* Main.storyboard */ = {
			isa = PBXVariantGroup;
			children = (
				66C24DC82512326300B692D7 /* Base */,
			);
			name = Main.storyboard;
			sourceTree = "<group>";
		};
		66C24DCC2512326800B692D7 /* LaunchScreen.storyboard */ = {
			isa = PBXVariantGroup;
			children = (
				66C24DCD2512326800B692D7 /* Base */,
			);
			name = LaunchScreen.storyboard;
			sourceTree = "<group>";
		};
/* End PBXVariantGroup section */

/* Begin XCBuildConfiguration section */
		66C24DE62512326800B692D7 /* Debug */ = {
			isa = XCBuildConfiguration;
			buildSettings = {
				ALWAYS_SEARCH_USER_PATHS = NO;
				CLANG_ANALYZER_NONNULL = YES;
				CLANG_ANALYZER_NUMBER_OBJECT_CONVERSION = YES_AGGRESSIVE;
				CLANG_CXX_LANGUAGE_STANDARD = "gnu++14";
				CLANG_CXX_LIBRARY = "libc++";
				CLANG_ENABLE_MODULES = YES;
				CLANG_ENABLE_OBJC_ARC = YES;
				CLANG_ENABLE_OBJC_WEAK = YES;
				CLANG_WARN_BLOCK_CAPTURE_AUTORELEASING = YES;
				CLANG_WARN_BOOL_CONVERSION = YES;
				CLANG_WARN_COMMA = YES;
				CLANG_WARN_CONSTANT_CONVERSION = YES;
				CLANG_WARN_DEPRECATED_OBJC_IMPLEMENTATIONS = YES;
				CLANG_WARN_DIRECT_OBJC_ISA_USAGE = YES_ERROR;
				CLANG_WARN_DOCUMENTATION_COMMENTS = YES;
				CLANG_WARN_EMPTY_BODY = YES;
				CLANG_WARN_ENUM_CONVERSION = YES;
				CLANG_WARN_INFINITE_RECURSION = YES;
				CLANG_WARN_INT_CONVERSION = YES;
				CLANG_WARN_NON_LITERAL_NULL_CONVERSION = YES;
				CLANG_WARN_OBJC_IMPLICIT_RETAIN_SELF = YES;
				CLANG_WARN_OBJC_LITERAL_CONVERSION = YES;
				CLANG_WARN_OBJC_ROOT_CLASS = YES_ERROR;
				CLANG_WARN_RANGE_LOOP_ANALYSIS = YES;
				CLANG_WARN_STRICT_PROTOTYPES = YES;
				CLANG_WARN_SUSPICIOUS_MOVE = YES;
				CLANG_WARN_UNGUARDED_AVAILABILITY = YES_AGGRESSIVE;
				CLANG_WARN_UNREACHABLE_CODE = YES;
				CLANG_WARN__DUPLICATE_METHOD_MATCH = YES;
				COPY_PHASE_STRIP = NO;
				DEBUG_INFORMATION_FORMAT = dwarf;
				ENABLE_STRICT_OBJC_MSGSEND = YES;
				ENABLE_TESTABILITY = YES;
				GCC_C_LANGUAGE_STANDARD = gnu11;
				GCC_DYNAMIC_NO_PIC = NO;
				GCC_NO_COMMON_BLOCKS = YES;
				GCC_OPTIMIZATION_LEVEL = 0;
				GCC_PREPROCESSOR_DEFINITIONS = (
					"DEBUG=1",
					"$(inherited)",
				);
				GCC_WARN_64_TO_32_BIT_CONVERSION = YES;
				GCC_WARN_ABOUT_RETURN_TYPE = YES_ERROR;
				GCC_WARN_UNDECLARED_SELECTOR = YES;
				GCC_WARN_UNINITIALIZED_AUTOS = YES_AGGRESSIVE;
				GCC_WARN_UNUSED_FUNCTION = YES;
				GCC_WARN_UNUSED_VARIABLE = YES;
				IPHONEOS_DEPLOYMENT_TARGET = 13.6;
				MTL_ENABLE_DEBUG_INFO = INCLUDE_SOURCE;
				MTL_FAST_MATH = YES;
				ONLY_ACTIVE_ARCH = YES;
				SDKROOT = iphoneos;
				SWIFT_ACTIVE_COMPILATION_CONDITIONS = DEBUG;
				SWIFT_OPTIMIZATION_LEVEL = "-Onone";
			};
			name = Debug;
		};
		66C24DE72512326800B692D7 /* Release */ = {
			isa = XCBuildConfiguration;
			buildSettings = {
				ALWAYS_SEARCH_USER_PATHS = NO;
				CLANG_ANALYZER_NONNULL = YES;
				CLANG_ANALYZER_NUMBER_OBJECT_CONVERSION = YES_AGGRESSIVE;
				CLANG_CXX_LANGUAGE_STANDARD = "gnu++14";
				CLANG_CXX_LIBRARY = "libc++";
				CLANG_ENABLE_MODULES = YES;
				CLANG_ENABLE_OBJC_ARC = YES;
				CLANG_ENABLE_OBJC_WEAK = YES;
				CLANG_WARN_BLOCK_CAPTURE_AUTORELEASING = YES;
				CLANG_WARN_BOOL_CONVERSION = YES;
				CLANG_WARN_COMMA = YES;
				CLANG_WARN_CONSTANT_CONVERSION = YES;
				CLANG_WARN_DEPRECATED_OBJC_IMPLEMENTATIONS = YES;
				CLANG_WARN_DIRECT_OBJC_ISA_USAGE = YES_ERROR;
				CLANG_WARN_DOCUMENTATION_COMMENTS = YES;
				CLANG_WARN_EMPTY_BODY = YES;
				CLANG_WARN_ENUM_CONVERSION = YES;
				CLANG_WARN_INFINITE_RECURSION = YES;
				CLANG_WARN_INT_CONVERSION = YES;
				CLANG_WARN_NON_LITERAL_NULL_CONVERSION = YES;
				CLANG_WARN_OBJC_IMPLICIT_RETAIN_SELF = YES;
				CLANG_WARN_OBJC_LITERAL_CONVERSION = YES;
				CLANG_WARN_OBJC_ROOT_CLASS = YES_ERROR;
				CLANG_WARN_RANGE_LOOP_ANALYSIS = YES;
				CLANG_WARN_STRICT_PROTOTYPES = YES;
				CLANG_WARN_SUSPICIOUS_MOVE = YES;
				CLANG_WARN_UNGUARDED_AVAILABILITY = YES_AGGRESSIVE;
				CLANG_WARN_UNREACHABLE_CODE = YES;
				CLANG_WARN__DUPLICATE_METHOD_MATCH = YES;
				COPY_PHASE_STRIP = NO;
				DEBUG_INFORMATION_FORMAT = "dwarf-with-dsym";
				ENABLE_NS_ASSERTIONS = NO;
				ENABLE_STRICT_OBJC_MSGSEND = YES;
				GCC_C_LANGUAGE_STANDARD = gnu11;
				GCC_NO_COMMON_BLOCKS = YES;
				GCC_WARN_64_TO_32_BIT_CONVERSION = YES;
				GCC_WARN_ABOUT_RETURN_TYPE = YES_ERROR;
				GCC_WARN_UNDECLARED_SELECTOR = YES;
				GCC_WARN_UNINITIALIZED_AUTOS = YES_AGGRESSIVE;
				GCC_WARN_UNUSED_FUNCTION = YES;
				GCC_WARN_UNUSED_VARIABLE = YES;
				IPHONEOS_DEPLOYMENT_TARGET = 13.6;
				MTL_ENABLE_DEBUG_INFO = NO;
				MTL_FAST_MATH = YES;
				SDKROOT = iphoneos;
				SWIFT_COMPILATION_MODE = wholemodule;
				SWIFT_OPTIMIZATION_LEVEL = "-O";
				VALIDATE_PRODUCT = YES;
			};
			name = Release;
		};
		66C24DE92512326800B692D7 /* Debug */ = {
			isa = XCBuildConfiguration;
			buildSettings = {
				ASSETCATALOG_COMPILER_APPICON_NAME = AppIcon;
				CODE_SIGN_STYLE = Automatic;
				DEVELOPMENT_TEAM = 5WGUM4F634;
				INFOPLIST_FILE = KickSearch/Info.plist;
				LD_RUNPATH_SEARCH_PATHS = (
					"$(inherited)",
					"@executable_path/Frameworks",
				);
				PRODUCT_BUNDLE_IDENTIFIER = com.baran.KickSearch;
				PRODUCT_NAME = "$(TARGET_NAME)";
				SWIFT_VERSION = 5.0;
				TARGETED_DEVICE_FAMILY = "1,2";
			};
			name = Debug;
		};
		66C24DEA2512326800B692D7 /* Release */ = {
			isa = XCBuildConfiguration;
			buildSettings = {
				ASSETCATALOG_COMPILER_APPICON_NAME = AppIcon;
				CODE_SIGN_STYLE = Automatic;
				DEVELOPMENT_TEAM = 5WGUM4F634;
				INFOPLIST_FILE = KickSearch/Info.plist;
				LD_RUNPATH_SEARCH_PATHS = (
					"$(inherited)",
					"@executable_path/Frameworks",
				);
				PRODUCT_BUNDLE_IDENTIFIER = com.baran.KickSearch;
				PRODUCT_NAME = "$(TARGET_NAME)";
				SWIFT_VERSION = 5.0;
				TARGETED_DEVICE_FAMILY = "1,2";
			};
			name = Release;
		};
		66C24DEC2512326800B692D7 /* Debug */ = {
			isa = XCBuildConfiguration;
			buildSettings = {
				ALWAYS_EMBED_SWIFT_STANDARD_LIBRARIES = YES;
				BUNDLE_LOADER = "$(TEST_HOST)";
				CODE_SIGN_STYLE = Automatic;
				DEVELOPMENT_TEAM = 5WGUM4F634;
				INFOPLIST_FILE = KickSearchTests/Info.plist;
				IPHONEOS_DEPLOYMENT_TARGET = 13.6;
				LD_RUNPATH_SEARCH_PATHS = (
					"$(inherited)",
					"@executable_path/Frameworks",
					"@loader_path/Frameworks",
				);
				PRODUCT_BUNDLE_IDENTIFIER = com.baran.KickSearchTests;
				PRODUCT_NAME = "$(TARGET_NAME)";
				SWIFT_VERSION = 5.0;
				TARGETED_DEVICE_FAMILY = "1,2";
				TEST_HOST = "$(BUILT_PRODUCTS_DIR)/KickSearch.app/KickSearch";
			};
			name = Debug;
		};
		66C24DED2512326800B692D7 /* Release */ = {
			isa = XCBuildConfiguration;
			buildSettings = {
				ALWAYS_EMBED_SWIFT_STANDARD_LIBRARIES = YES;
				BUNDLE_LOADER = "$(TEST_HOST)";
				CODE_SIGN_STYLE = Automatic;
				DEVELOPMENT_TEAM = 5WGUM4F634;
				INFOPLIST_FILE = KickSearchTests/Info.plist;
				IPHONEOS_DEPLOYMENT_TARGET = 13.6;
				LD_RUNPATH_SEARCH_PATHS = (
					"$(inherited)",
					"@executable_path/Frameworks",
					"@loader_path/Frameworks",
				);
				PRODUCT_BUNDLE_IDENTIFIER = com.baran.KickSearchTests;
				PRODUCT_NAME = "$(TARGET_NAME)";
				SWIFT_VERSION = 5.0;
				TARGETED_DEVICE_FAMILY = "1,2";
				TEST_HOST = "$(BUILT_PRODUCTS_DIR)/KickSearch.app/KickSearch";
			};
			name = Release;
		};
		66C24DEF2512326800B692D7 /* Debug */ = {
			isa = XCBuildConfiguration;
			buildSettings = {
				ALWAYS_EMBED_SWIFT_STANDARD_LIBRARIES = YES;
				CODE_SIGN_STYLE = Automatic;
				DEVELOPMENT_TEAM = 5WGUM4F634;
				INFOPLIST_FILE = KickSearchUITests/Info.plist;
				LD_RUNPATH_SEARCH_PATHS = (
					"$(inherited)",
					"@executable_path/Frameworks",
					"@loader_path/Frameworks",
				);
				PRODUCT_BUNDLE_IDENTIFIER = com.baran.KickSearchUITests;
				PRODUCT_NAME = "$(TARGET_NAME)";
				SWIFT_VERSION = 5.0;
				TARGETED_DEVICE_FAMILY = "1,2";
				TEST_TARGET_NAME = KickSearch;
			};
			name = Debug;
		};
		66C24DF02512326800B692D7 /* Release */ = {
			isa = XCBuildConfiguration;
			buildSettings = {
				ALWAYS_EMBED_SWIFT_STANDARD_LIBRARIES = YES;
				CODE_SIGN_STYLE = Automatic;
				DEVELOPMENT_TEAM = 5WGUM4F634;
				INFOPLIST_FILE = KickSearchUITests/Info.plist;
				LD_RUNPATH_SEARCH_PATHS = (
					"$(inherited)",
					"@executable_path/Frameworks",
					"@loader_path/Frameworks",
				);
				PRODUCT_BUNDLE_IDENTIFIER = com.baran.KickSearchUITests;
				PRODUCT_NAME = "$(TARGET_NAME)";
				SWIFT_VERSION = 5.0;
				TARGETED_DEVICE_FAMILY = "1,2";
				TEST_TARGET_NAME = KickSearch;
			};
			name = Release;
		};
/* End XCBuildConfiguration section */

/* Begin XCConfigurationList section */
		66C24DB92512326300B692D7 /* Build configuration list for PBXProject "KickSearch" */ = {
			isa = XCConfigurationList;
			buildConfigurations = (
				66C24DE62512326800B692D7 /* Debug */,
				66C24DE72512326800B692D7 /* Release */,
			);
			defaultConfigurationIsVisible = 0;
			defaultConfigurationName = Release;
		};
		66C24DE82512326800B692D7 /* Build configuration list for PBXNativeTarget "KickSearch" */ = {
			isa = XCConfigurationList;
			buildConfigurations = (
				66C24DE92512326800B692D7 /* Debug */,
				66C24DEA2512326800B692D7 /* Release */,
			);
			defaultConfigurationIsVisible = 0;
			defaultConfigurationName = Release;
		};
		66C24DEB2512326800B692D7 /* Build configuration list for PBXNativeTarget "KickSearchTests" */ = {
			isa = XCConfigurationList;
			buildConfigurations = (
				66C24DEC2512326800B692D7 /* Debug */,
				66C24DED2512326800B692D7 /* Release */,
			);
			defaultConfigurationIsVisible = 0;
			defaultConfigurationName = Release;
		};
		66C24DEE2512326800B692D7 /* Build configuration list for PBXNativeTarget "KickSearchUITests" */ = {
			isa = XCConfigurationList;
			buildConfigurations = (
				66C24DEF2512326800B692D7 /* Debug */,
				66C24DF02512326800B692D7 /* Release */,
			);
			defaultConfigurationIsVisible = 0;
			defaultConfigurationName = Release;
		};
/* End XCConfigurationList section */
	};
	rootObject = 66C24DB62512326300B692D7 /* Project object */;
}
